// !$*UTF8*$!
{
	archiveVersion = 1;
	classes = {
	};
	objectVersion = 56;
	objects = {

/* Begin PBXBuildFile section */
		C154F4852A7EBA1500B5A114 /* Project19_SnowSeekerApp.swift in Sources */ = {isa = PBXBuildFile; fileRef = C154F4842A7EBA1500B5A114 /* Project19_SnowSeekerApp.swift */; };
		C154F4872A7EBA1500B5A114 /* ContentView.swift in Sources */ = {isa = PBXBuildFile; fileRef = C154F4862A7EBA1500B5A114 /* ContentView.swift */; };
		C154F4892A7EBA1600B5A114 /* Assets.xcassets in Resources */ = {isa = PBXBuildFile; fileRef = C154F4882A7EBA1600B5A114 /* Assets.xcassets */; };
		C154F48C2A7EBA1600B5A114 /* Preview Assets.xcassets in Resources */ = {isa = PBXBuildFile; fileRef = C154F48B2A7EBA1600B5A114 /* Preview Assets.xcassets */; };
		C165C3072A7FE0E10017C366 /* resorts.json in Resources */ = {isa = PBXBuildFile; fileRef = C165C3062A7FE0E10017C366 /* resorts.json */; };
		C165C3092A7FE1680017C366 /* Resort.swift in Sources */ = {isa = PBXBuildFile; fileRef = C165C3082A7FE1680017C366 /* Resort.swift */; };
		C165C30B2A7FE2710017C366 /* Bundle-Decodable.swift in Sources */ = {isa = PBXBuildFile; fileRef = C165C30A2A7FE2710017C366 /* Bundle-Decodable.swift */; };
		C165C30D2A7FF0080017C366 /* WelcomeView.swift in Sources */ = {isa = PBXBuildFile; fileRef = C165C30C2A7FF0080017C366 /* WelcomeView.swift */; };
		C1F58E5C2A82AA8E0014B9C5 /* ResortView.swift in Sources */ = {isa = PBXBuildFile; fileRef = C1F58E5B2A82AA8E0014B9C5 /* ResortView.swift */; };
		C1F58E5E2A82AB7E0014B9C5 /* SkiDetailsView.swift in Sources */ = {isa = PBXBuildFile; fileRef = C1F58E5D2A82AB7E0014B9C5 /* SkiDetailsView.swift */; };
		C1F58E602A82AC280014B9C5 /* ResortDetailsView.swift in Sources */ = {isa = PBXBuildFile; fileRef = C1F58E5F2A82AC280014B9C5 /* ResortDetailsView.swift */; };
		C1F58E622A82B92C0014B9C5 /* Facility.swift in Sources */ = {isa = PBXBuildFile; fileRef = C1F58E612A82B92C0014B9C5 /* Facility.swift */; };
		C1F58E642A85060F0014B9C5 /* Favorites.swift in Sources */ = {isa = PBXBuildFile; fileRef = C1F58E632A85060F0014B9C5 /* Favorites.swift */; };
/* End PBXBuildFile section */

/* Begin PBXFileReference section */
		C154F4812A7EBA1500B5A114 /* Project19_SnowSeeker.app */ = {isa = PBXFileReference; explicitFileType = wrapper.application; includeInIndex = 0; path = Project19_SnowSeeker.app; sourceTree = BUILT_PRODUCTS_DIR; };
		C154F4842A7EBA1500B5A114 /* Project19_SnowSeekerApp.swift */ = {isa = PBXFileReference; lastKnownFileType = sourcecode.swift; path = Project19_SnowSeekerApp.swift; sourceTree = "<group>"; };
		C154F4862A7EBA1500B5A114 /* ContentView.swift */ = {isa = PBXFileReference; lastKnownFileType = sourcecode.swift; path = ContentView.swift; sourceTree = "<group>"; };
		C154F4882A7EBA1600B5A114 /* Assets.xcassets */ = {isa = PBXFileReference; lastKnownFileType = folder.assetcatalog; path = Assets.xcassets; sourceTree = "<group>"; };
		C154F48B2A7EBA1600B5A114 /* Preview Assets.xcassets */ = {isa = PBXFileReference; lastKnownFileType = folder.assetcatalog; path = "Preview Assets.xcassets"; sourceTree = "<group>"; };
		C165C3062A7FE0E10017C366 /* resorts.json */ = {isa = PBXFileReference; fileEncoding = 4; lastKnownFileType = text.json; path = resorts.json; sourceTree = "<group>"; };
		C165C3082A7FE1680017C366 /* Resort.swift */ = {isa = PBXFileReference; lastKnownFileType = sourcecode.swift; path = Resort.swift; sourceTree = "<group>"; };
		C165C30A2A7FE2710017C366 /* Bundle-Decodable.swift */ = {isa = PBXFileReference; lastKnownFileType = sourcecode.swift; path = "Bundle-Decodable.swift"; sourceTree = "<group>"; };
		C165C30C2A7FF0080017C366 /* WelcomeView.swift */ = {isa = PBXFileReference; lastKnownFileType = sourcecode.swift; path = WelcomeView.swift; sourceTree = "<group>"; };
		C1F58E5B2A82AA8E0014B9C5 /* ResortView.swift */ = {isa = PBXFileReference; lastKnownFileType = sourcecode.swift; path = ResortView.swift; sourceTree = "<group>"; };
		C1F58E5D2A82AB7E0014B9C5 /* SkiDetailsView.swift */ = {isa = PBXFileReference; lastKnownFileType = sourcecode.swift; path = SkiDetailsView.swift; sourceTree = "<group>"; };
		C1F58E5F2A82AC280014B9C5 /* ResortDetailsView.swift */ = {isa = PBXFileReference; lastKnownFileType = sourcecode.swift; path = ResortDetailsView.swift; sourceTree = "<group>"; };
		C1F58E612A82B92C0014B9C5 /* Facility.swift */ = {isa = PBXFileReference; lastKnownFileType = sourcecode.swift; path = Facility.swift; sourceTree = "<group>"; };
		C1F58E632A85060F0014B9C5 /* Favorites.swift */ = {isa = PBXFileReference; lastKnownFileType = sourcecode.swift; path = Favorites.swift; sourceTree = "<group>"; };
/* End PBXFileReference section */

/* Begin PBXFrameworksBuildPhase section */
		C154F47E2A7EBA1500B5A114 /* Frameworks */ = {
			isa = PBXFrameworksBuildPhase;
			buildActionMask = 2147483647;
			files = (
			);
			runOnlyForDeploymentPostprocessing = 0;
		};
/* End PBXFrameworksBuildPhase section */

/* Begin PBXGroup section */
		C154F4782A7EBA1500B5A114 = {
			isa = PBXGroup;
			children = (
				C154F4832A7EBA1500B5A114 /* Project19_SnowSeeker */,
				C154F4822A7EBA1500B5A114 /* Products */,
			);
			sourceTree = "<group>";
		};
		C154F4822A7EBA1500B5A114 /* Products */ = {
			isa = PBXGroup;
			children = (
				C154F4812A7EBA1500B5A114 /* Project19_SnowSeeker.app */,
			);
			name = Products;
			sourceTree = "<group>";
		};
		C154F4832A7EBA1500B5A114 /* Project19_SnowSeeker */ = {
			isa = PBXGroup;
			children = (
				C154F4842A7EBA1500B5A114 /* Project19_SnowSeekerApp.swift */,
				C154F4862A7EBA1500B5A114 /* ContentView.swift */,
				C165C30C2A7FF0080017C366 /* WelcomeView.swift */,
				C165C3082A7FE1680017C366 /* Resort.swift */,
				C1F58E5B2A82AA8E0014B9C5 /* ResortView.swift */,
				C1F58E612A82B92C0014B9C5 /* Facility.swift */,
				C1F58E632A85060F0014B9C5 /* Favorites.swift */,
				C1F58E5D2A82AB7E0014B9C5 /* SkiDetailsView.swift */,
				C1F58E5F2A82AC280014B9C5 /* ResortDetailsView.swift */,
				C165C30A2A7FE2710017C366 /* Bundle-Decodable.swift */,
				C165C3062A7FE0E10017C366 /* resorts.json */,
				C154F4882A7EBA1600B5A114 /* Assets.xcassets */,
				C154F48A2A7EBA1600B5A114 /* Preview Content */,
			);
			path = Project19_SnowSeeker;
			sourceTree = "<group>";
		};
		C154F48A2A7EBA1600B5A114 /* Preview Content */ = {
			isa = PBXGroup;
			children = (
				C154F48B2A7EBA1600B5A114 /* Preview Assets.xcassets */,
			);
			path = "Preview Content";
			sourceTree = "<group>";
		};
/* End PBXGroup section */

/* Begin PBXNativeTarget section */
		C154F4802A7EBA1500B5A114 /* Project19_SnowSeeker */ = {
			isa = PBXNativeTarget;
			buildConfigurationList = C154F48F2A7EBA1600B5A114 /* Build configuration list for PBXNativeTarget "Project19_SnowSeeker" */;
			buildPhases = (
				C154F47D2A7EBA1500B5A114 /* Sources */,
				C154F47E2A7EBA1500B5A114 /* Frameworks */,
				C154F47F2A7EBA1500B5A114 /* Resources */,
			);
			buildRules = (
			);
			dependencies = (
			);
			name = Project19_SnowSeeker;
			productName = Project19_SnowSeeker;
			productReference = C154F4812A7EBA1500B5A114 /* Project19_SnowSeeker.app */;
			productType = "com.apple.product-type.application";
		};
/* End PBXNativeTarget section */

/* Begin PBXProject section */
		C154F4792A7EBA1500B5A114 /* Project object */ = {
			isa = PBXProject;
			attributes = {
				BuildIndependentTargetsInParallel = 1;
				LastSwiftUpdateCheck = 1430;
				LastUpgradeCheck = 1430;
				TargetAttributes = {
					C154F4802A7EBA1500B5A114 = {
						CreatedOnToolsVersion = 14.3.1;
					};
				};
			};
			buildConfigurationList = C154F47C2A7EBA1500B5A114 /* Build configuration list for PBXProject "Project19_SnowSeeker" */;
			compatibilityVersion = "Xcode 14.0";
			developmentRegion = en;
			hasScannedForEncodings = 0;
			knownRegions = (
				en,
				Base,
			);
			mainGroup = C154F4782A7EBA1500B5A114;
			productRefGroup = C154F4822A7EBA1500B5A114 /* Products */;
			projectDirPath = "";
			projectRoot = "";
			targets = (
				C154F4802A7EBA1500B5A114 /* Project19_SnowSeeker */,
			);
		};
/* End PBXProject section */

/* Begin PBXResourcesBuildPhase section */
		C154F47F2A7EBA1500B5A114 /* Resources */ = {
			isa = PBXResourcesBuildPhase;
			buildActionMask = 2147483647;
			files = (
				C165C3072A7FE0E10017C366 /* resorts.json in Resources */,
				C154F48C2A7EBA1600B5A114 /* Preview Assets.xcassets in Resources */,
				C154F4892A7EBA1600B5A114 /* Assets.xcassets in Resources */,
			);
			runOnlyForDeploymentPostprocessing = 0;
		};
/* End PBXResourcesBuildPhase section */

/* Begin PBXSourcesBuildPhase section */
		C154F47D2A7EBA1500B5A114 /* Sources */ = {
			isa = PBXSourcesBuildPhase;
			buildActionMask = 2147483647;
			files = (
				C165C30D2A7FF0080017C366 /* WelcomeView.swift in Sources */,
				C1F58E5E2A82AB7E0014B9C5 /* SkiDetailsView.swift in Sources */,
				C1F58E602A82AC280014B9C5 /* ResortDetailsView.swift in Sources */,
				C1F58E642A85060F0014B9C5 /* Favorites.swift in Sources */,
				C1F58E622A82B92C0014B9C5 /* Facility.swift in Sources */,
				C154F4872A7EBA1500B5A114 /* ContentView.swift in Sources */,
				C165C3092A7FE1680017C366 /* Resort.swift in Sources */,
				C1F58E5C2A82AA8E0014B9C5 /* ResortView.swift in Sources */,
				C154F4852A7EBA1500B5A114 /* Project19_SnowSeekerApp.swift in Sources */,
				C165C30B2A7FE2710017C366 /* Bundle-Decodable.swift in Sources */,
			);
			runOnlyForDeploymentPostprocessing = 0;
		};
/* End PBXSourcesBuildPhase section */

/* Begin XCBuildConfiguration section */
		C154F48D2A7EBA1600B5A114 /* Debug */ = {
			isa = XCBuildConfiguration;
			buildSettings = {
				ALWAYS_SEARCH_USER_PATHS = NO;
				CLANG_ANALYZER_NONNULL = YES;
				CLANG_ANALYZER_NUMBER_OBJECT_CONVERSION = YES_AGGRESSIVE;
				CLANG_CXX_LANGUAGE_STANDARD = "gnu++20";
				CLANG_ENABLE_MODULES = YES;
				CLANG_ENABLE_OBJC_ARC = YES;
				CLANG_ENABLE_OBJC_WEAK = YES;
				CLANG_WARN_BLOCK_CAPTURE_AUTORELEASING = YES;
				CLANG_WARN_BOOL_CONVERSION = YES;
				CLANG_WARN_COMMA = YES;
				CLANG_WARN_CONSTANT_CONVERSION = YES;
				CLANG_WARN_DEPRECATED_OBJC_IMPLEMENTATIONS = YES;
				CLANG_WARN_DIRECT_OBJC_ISA_USAGE = YES_ERROR;
				CLANG_WARN_DOCUMENTATION_COMMENTS = YES;
				CLANG_WARN_EMPTY_BODY = YES;
				CLANG_WARN_ENUM_CONVERSION = YES;
				CLANG_WARN_INFINITE_RECURSION = YES;
				CLANG_WARN_INT_CONVERSION = YES;
				CLANG_WARN_NON_LITERAL_NULL_CONVERSION = YES;
				CLANG_WARN_OBJC_IMPLICIT_RETAIN_SELF = YES;
				CLANG_WARN_OBJC_LITERAL_CONVERSION = YES;
				CLANG_WARN_OBJC_ROOT_CLASS = YES_ERROR;
				CLANG_WARN_QUOTED_INCLUDE_IN_FRAMEWORK_HEADER = YES;
				CLANG_WARN_RANGE_LOOP_ANALYSIS = YES;
				CLANG_WARN_STRICT_PROTOTYPES = YES;
				CLANG_WARN_SUSPICIOUS_MOVE = YES;
				CLANG_WARN_UNGUARDED_AVAILABILITY = YES_AGGRESSIVE;
				CLANG_WARN_UNREACHABLE_CODE = YES;
				CLANG_WARN__DUPLICATE_METHOD_MATCH = YES;
				COPY_PHASE_STRIP = NO;
				DEBUG_INFORMATION_FORMAT = dwarf;
				ENABLE_STRICT_OBJC_MSGSEND = YES;
				ENABLE_TESTABILITY = YES;
				GCC_C_LANGUAGE_STANDARD = gnu11;
				GCC_DYNAMIC_NO_PIC = NO;
				GCC_NO_COMMON_BLOCKS = YES;
				GCC_OPTIMIZATION_LEVEL = 0;
				GCC_PREPROCESSOR_DEFINITIONS = (
					"DEBUG=1",
					"$(inherited)",
				);
				GCC_WARN_64_TO_32_BIT_CONVERSION = YES;
				GCC_WARN_ABOUT_RETURN_TYPE = YES_ERROR;
				GCC_WARN_UNDECLARED_SELECTOR = YES;
				GCC_WARN_UNINITIALIZED_AUTOS = YES_AGGRESSIVE;
				GCC_WARN_UNUSED_FUNCTION = YES;
				GCC_WARN_UNUSED_VARIABLE = YES;
				IPHONEOS_DEPLOYMENT_TARGET = 16.4;
				MTL_ENABLE_DEBUG_INFO = INCLUDE_SOURCE;
				MTL_FAST_MATH = YES;
				ONLY_ACTIVE_ARCH = YES;
				SDKROOT = iphoneos;
				SWIFT_ACTIVE_COMPILATION_CONDITIONS = DEBUG;
				SWIFT_OPTIMIZATION_LEVEL = "-Onone";
			};
			name = Debug;
		};
		C154F48E2A7EBA1600B5A114 /* Release */ = {
			isa = XCBuildConfiguration;
			buildSettings = {
				ALWAYS_SEARCH_USER_PATHS = NO;
				CLANG_ANALYZER_NONNULL = YES;
				CLANG_ANALYZER_NUMBER_OBJECT_CONVERSION = YES_AGGRESSIVE;
				CLANG_CXX_LANGUAGE_STANDARD = "gnu++20";
				CLANG_ENABLE_MODULES = YES;
				CLANG_ENABLE_OBJC_ARC = YES;
				CLANG_ENABLE_OBJC_WEAK = YES;
				CLANG_WARN_BLOCK_CAPTURE_AUTORELEASING = YES;
				CLANG_WARN_BOOL_CONVERSION = YES;
				CLANG_WARN_COMMA = YES;
				CLANG_WARN_CONSTANT_CONVERSION = YES;
				CLANG_WARN_DEPRECATED_OBJC_IMPLEMENTATIONS = YES;
				CLANG_WARN_DIRECT_OBJC_ISA_USAGE = YES_ERROR;
				CLANG_WARN_DOCUMENTATION_COMMENTS = YES;
				CLANG_WARN_EMPTY_BODY = YES;
				CLANG_WARN_ENUM_CONVERSION = YES;
				CLANG_WARN_INFINITE_RECURSION = YES;
				CLANG_WARN_INT_CONVERSION = YES;
				CLANG_WARN_NON_LITERAL_NULL_CONVERSION = YES;
				CLANG_WARN_OBJC_IMPLICIT_RETAIN_SELF = YES;
				CLANG_WARN_OBJC_LITERAL_CONVERSION = YES;
				CLANG_WARN_OBJC_ROOT_CLASS = YES_ERROR;
				CLANG_WARN_QUOTED_INCLUDE_IN_FRAMEWORK_HEADER = YES;
				CLANG_WARN_RANGE_LOOP_ANALYSIS = YES;
				CLANG_WARN_STRICT_PROTOTYPES = YES;
				CLANG_WARN_SUSPICIOUS_MOVE = YES;
				CLANG_WARN_UNGUARDED_AVAILABILITY = YES_AGGRESSIVE;
				CLANG_WARN_UNREACHABLE_CODE = YES;
				CLANG_WARN__DUPLICATE_METHOD_MATCH = YES;
				COPY_PHASE_STRIP = NO;
				DEBUG_INFORMATION_FORMAT = "dwarf-with-dsym";
				ENABLE_NS_ASSERTIONS = NO;
				ENABLE_STRICT_OBJC_MSGSEND = YES;
				GCC_C_LANGUAGE_STANDARD = gnu11;
				GCC_NO_COMMON_BLOCKS = YES;
				GCC_WARN_64_TO_32_BIT_CONVERSION = YES;
				GCC_WARN_ABOUT_RETURN_TYPE = YES_ERROR;
				GCC_WARN_UNDECLARED_SELECTOR = YES;
				GCC_WARN_UNINITIALIZED_AUTOS = YES_AGGRESSIVE;
				GCC_WARN_UNUSED_FUNCTION = YES;
				GCC_WARN_UNUSED_VARIABLE = YES;
				IPHONEOS_DEPLOYMENT_TARGET = 16.4;
				MTL_ENABLE_DEBUG_INFO = NO;
				MTL_FAST_MATH = YES;
				SDKROOT = iphoneos;
				SWIFT_COMPILATION_MODE = wholemodule;
				SWIFT_OPTIMIZATION_LEVEL = "-O";
				VALIDATE_PRODUCT = YES;
			};
			name = Release;
		};
		C154F4902A7EBA1600B5A114 /* Debug */ = {
			isa = XCBuildConfiguration;
			buildSettings = {
				ASSETCATALOG_COMPILER_APPICON_NAME = AppIcon;
				ASSETCATALOG_COMPILER_GLOBAL_ACCENT_COLOR_NAME = AccentColor;
				CODE_SIGN_STYLE = Automatic;
				CURRENT_PROJECT_VERSION = 1;
				DEVELOPMENT_ASSET_PATHS = "\"Project19_SnowSeeker/Preview Content\"";
				DEVELOPMENT_TEAM = M6RSUA6A9T;
				ENABLE_PREVIEWS = YES;
				GENERATE_INFOPLIST_FILE = YES;
				INFOPLIST_KEY_UIApplicationSceneManifest_Generation = YES;
				INFOPLIST_KEY_UIApplicationSupportsIndirectInputEvents = YES;
				INFOPLIST_KEY_UILaunchScreen_Generation = YES;
				INFOPLIST_KEY_UISupportedInterfaceOrientations_iPad = "UIInterfaceOrientationPortrait UIInterfaceOrientationPortraitUpsideDown UIInterfaceOrientationLandscapeLeft UIInterfaceOrientationLandscapeRight";
				INFOPLIST_KEY_UISupportedInterfaceOrientations_iPhone = "UIInterfaceOrientationPortrait UIInterfaceOrientationLandscapeLeft UIInterfaceOrientationLandscapeRight";
				LD_RUNPATH_SEARCH_PATHS = (
					"$(inherited)",
					"@executable_path/Frameworks",
				);
				MARKETING_VERSION = 1.0;
				PRODUCT_BUNDLE_IDENTIFIER = "me.gurbanova.julia.Project19-SnowSeeker";
				PRODUCT_NAME = "$(TARGET_NAME)";
				SWIFT_EMIT_LOC_STRINGS = YES;
				SWIFT_VERSION = 5.0;
				TARGETED_DEVICE_FAMILY = "1,2";
			};
			name = Debug;
		};
		C154F4912A7EBA1600B5A114 /* Release */ = {
			isa = XCBuildConfiguration;
			buildSettings = {
				ASSETCATALOG_COMPILER_APPICON_NAME = AppIcon;
				ASSETCATALOG_COMPILER_GLOBAL_ACCENT_COLOR_NAME = AccentColor;
				CODE_SIGN_STYLE = Automatic;
				CURRENT_PROJECT_VERSION = 1;
				DEVELOPMENT_ASSET_PATHS = "\"Project19_SnowSeeker/Preview Content\"";
				DEVELOPMENT_TEAM = M6RSUA6A9T;
				ENABLE_PREVIEWS = YES;
				GENERATE_INFOPLIST_FILE = YES;
				INFOPLIST_KEY_UIApplicationSceneManifest_Generation = YES;
				INFOPLIST_KEY_UIApplicationSupportsIndirectInputEvents = YES;
				INFOPLIST_KEY_UILaunchScreen_Generation = YES;
				INFOPLIST_KEY_UISupportedInterfaceOrientations_iPad = "UIInterfaceOrientationPortrait UIInterfaceOrientationPortraitUpsideDown UIInterfaceOrientationLandscapeLeft UIInterfaceOrientationLandscapeRight";
				INFOPLIST_KEY_UISupportedInterfaceOrientations_iPhone = "UIInterfaceOrientationPortrait UIInterfaceOrientationLandscapeLeft UIInterfaceOrientationLandscapeRight";
				LD_RUNPATH_SEARCH_PATHS = (
					"$(inherited)",
					"@executable_path/Frameworks",
				);
				MARKETING_VERSION = 1.0;
				PRODUCT_BUNDLE_IDENTIFIER = "me.gurbanova.julia.Project19-SnowSeeker";
				PRODUCT_NAME = "$(TARGET_NAME)";
				SWIFT_EMIT_LOC_STRINGS = YES;
				SWIFT_VERSION = 5.0;
				TARGETED_DEVICE_FAMILY = "1,2";
			};
			name = Release;
		};
/* End XCBuildConfiguration section */

/* Begin XCConfigurationList section */
		C154F47C2A7EBA1500B5A114 /* Build configuration list for PBXProject "Project19_SnowSeeker" */ = {
			isa = XCConfigurationList;
			buildConfigurations = (
				C154F48D2A7EBA1600B5A114 /* Debug */,
				C154F48E2A7EBA1600B5A114 /* Release */,
			);
			defaultConfigurationIsVisible = 0;
			defaultConfigurationName = Release;
		};
		C154F48F2A7EBA1600B5A114 /* Build configuration list for PBXNativeTarget "Project19_SnowSeeker" */ = {
			isa = XCConfigurationList;
			buildConfigurations = (
				C154F4902A7EBA1600B5A114 /* Debug */,
				C154F4912A7EBA1600B5A114 /* Release */,
			);
			defaultConfigurationIsVisible = 0;
			defaultConfigurationName = Release;
		};
/* End XCConfigurationList section */
	};
	rootObject = C154F4792A7EBA1500B5A114 /* Project object */;
}
